{
  "name": "tt",
  "version": "1.0.0",
  "lockfileVersion": 2,
  "requires": true,
  "packages": {
    "": {
      "name": "tt",
      "version": "1.0.0",
      "license": "ISC",
      "devDependencies": {
        "magic-home": "^2.9.0"
      }
    },
    "node_modules/commander": {
      "version": "2.20.3",
      "resolved": "https://registry.npmjs.org/commander/-/commander-2.20.3.tgz",
      "integrity": "sha512-GpVkmM8vF2vQUkj2LvZmD35JxeJOLCwJ9cUkugyk2nuhbv3+mJvpLYYt+0+USMxE+oj+ey/lJEnhZw75x/OMcQ==",
      "dev": true
    },
    "node_modules/is-plain-obj": {
      "version": "1.1.0",
      "resolved": "https://registry.npmjs.org/is-plain-obj/-/is-plain-obj-1.1.0.tgz",
      "integrity": "sha512-yvkRyxmFKEOQ4pNXCmJG5AEQNlXJS5LaONXo5/cLdTZdWvsZ1ioJEonLGAosKlMWE8lwUy/bJzMjcw8az73+Fg==",
      "dev": true,
      "engines": {
        "node": ">=0.10.0"
      }
    },
    "node_modules/magic-home": {
      "version": "2.9.0",
      "resolved": "https://registry.npmjs.org/magic-home/-/magic-home-2.9.0.tgz",
      "integrity": "sha512-e82elAtdH+Icn1GxnqXI4avlo1Q8v/dfGSVGJmaKbkWknzdQTjqh8bYu7fHrZXT1xS9Py3R01Cn8GRa7c/lsYw==",
      "dev": true,
      "dependencies": {
        "commander": "^2.20.0",
        "merge-options": "^1.0.1"
      },
      "bin": {
        "magic-home": "cli.js"
      }
    },
    "node_modules/merge-options": {
      "version": "1.0.1",
      "resolved": "https://registry.npmjs.org/merge-options/-/merge-options-1.0.1.tgz",
      "integrity": "sha512-iuPV41VWKWBIOpBsjoxjDZw8/GbSfZ2mk7N1453bwMrfzdrIk7EzBd+8UVR6rkw67th7xnk9Dytl3J+lHPdxvg==",
      "dev": true,
      "dependencies": {
        "is-plain-obj": "^1.1"
      },
      "engines": {
        "node": ">=4"
      }
    }
  },
  "dependencies": {
    "commander": {
      "version": "2.20.3",
      "resolved": "https://registry.npmjs.org/commander/-/commander-2.20.3.tgz",
      "integrity": "sha512-GpVkmM8vF2vQUkj2LvZmD35JxeJOLCwJ9cUkugyk2nuhbv3+mJvpLYYt+0+USMxE+oj+ey/lJEnhZw75x/OMcQ==",
      "dev": true
    },
    "is-plain-obj": {
      "version": "1.1.0",
      "resolved": "https://registry.npmjs.org/is-plain-obj/-/is-plain-obj-1.1.0.tgz",
      "integrity": "sha512-yvkRyxmFKEOQ4pNXCmJG5AEQNlXJS5LaONXo5/cLdTZdWvsZ1ioJEonLGAosKlMWE8lwUy/bJzMjcw8az73+Fg==",
      "dev": true
    },
    "magic-home": {
      "version": "2.9.0",
      "resolved": "https://registry.npmjs.org/magic-home/-/magic-home-2.9.0.tgz",
      "integrity": "sha512-e82elAtdH+Icn1GxnqXI4avlo1Q8v/dfGSVGJmaKbkWknzdQTjqh8bYu7fHrZXT1xS9Py3R01Cn8GRa7c/lsYw==",
      "dev": true,
      "requires": {
        "commander": "^2.20.0",
        "merge-options": "^1.0.1"
      }
    },
    "merge-options": {
      "version": "1.0.1",
      "resolved": "https://registry.npmjs.org/merge-options/-/merge-options-1.0.1.tgz",
      "integrity": "sha512-iuPV41VWKWBIOpBsjoxjDZw8/GbSfZ2mk7N1453bwMrfzdrIk7EzBd+8UVR6rkw67th7xnk9Dytl3J+lHPdxvg==",
      "dev": true,
      "requires": {
        "is-plain-obj": "^1.1"
      }
    }
  }
}
